PODS:
  - device_kit (0.0.2):
    - device_kit/vendor (= 0.0.2)
    - Flutter
  - device_kit/vendor (0.0.2):
    - Flutter
  - Flutter (1.0.0)

DEPENDENCIES:
  - device_kit (from `.symlinks/plugins/device_kit/ios`)
  - Flutter (from `Flutter`)

EXTERNAL SOURCES:
  device_kit:
    :path: ".symlinks/plugins/device_kit/ios"
  Flutter:
    :path: Flutter

SPEC CHECKSUMS:
  device_kit: 33709a9707aa4f5aa0cc95f9b36c877b950f626e
  Flutter: 0e3d915762c693b495b44d77113d4970485de6ec

PODFILE CHECKSUM: 8e679eca47255a8ca8067c4c67aab20e64cb974d

COCOAPODS: 1.10.1
